<?xml version="1.0" encoding="utf-8"?>
<Project ToolsVersion="4.0" xmlns="http://schemas.microsoft.com/developer/msbuild/2003">
  <ItemGroup>
    <Filter Include="Source Files">
      <UniqueIdentifier>{4FC737F1-C7A5-4376-A066-2A32D752A2FF}</UniqueIdentifier>
      <Extensions>cpp;c;cc;cxx;def;odl;idl;hpj;bat;asm;asmx</Extensions>
    </Filter>
    <Filter Include="Header Files">
      <UniqueIdentifier>{93995380-89BD-4b04-88EB-625FBE52EBFB}</UniqueIdentifier>
      <Extensions>h;hh;hpp;hxx;hm;inl;inc;xsd</Extensions>
    </Filter>
    <Filter Include="Resource Files">
      <UniqueIdentifier>{67DA6AB6-F800-4c08-8B7A-83BB121AAD01}</UniqueIdentifier>
      <Extensions>rc;ico;cur;bmp;dlg;rc2;rct;bin;rgs;gif;jpg;jpeg;jpe;resx;tiff;tif;png;wav</Extensions>
    </Filter>
  </ItemGroup>
  <ItemGroup>
    <ClCompile Include="c++\constants.cpp">
      <Filter>Source Files</Filter>
    </ClCompile>
    <ClCompile Include="c++\Source.cpp">
      <Filter>Source Files</Filter>
    </ClCompile>
    <ClCompile Include="c++\test_class.cpp">
      <Filter>Source Files</Filter>
    </ClCompile>
    <ClCompile Include="c++\using_gnuplot.cpp">
      <Filter>Source Files</Filter>
    </ClCompile>
    <ClCompile Include="C++\modeling.cpp">
      <Filter>Source Files</Filter>
    </ClCompile>
    <ClCompile Include="Extra Libraries\gnuplot\gnuplot-cpp\example.cc">
      <Filter>Source Files</Filter>
    </ClCompile>
    <ClCompile Include="C++\data_processing.cpp">
      <Filter>Source Files</Filter>
    </ClCompile>
    <ClCompile Include="C++\main_sequence.cpp">
      <Filter>Source Files</Filter>
    </ClCompile>
    <ClCompile Include="C++\PhaseSpace.cpp">
      <Filter>Source Files</Filter>
    </ClCompile>
  </ItemGroup>
  <ItemGroup>
    <ClInclude Include="c++\constants.h">
      <Filter>Header Files</Filter>
    </ClInclude>
    <ClInclude Include="c++\test_class.h">
      <Filter>Header Files</Filter>
    </ClInclude>
    <ClInclude Include="c++\using_gnuplot.h">
      <Filter>Header Files</Filter>
    </ClInclude>
    <ClInclude Include="C++\modeling.h">
      <Filter>Header Files</Filter>
    </ClInclude>
    <ClInclude Include="Extra Libraries\gnuplot\gnuplot-cpp\gnuplot_i.hpp">
      <Filter>Header Files</Filter>
    </ClInclude>
    <ClInclude Include="C++\data_processing.h">
      <Filter>Header Files</Filter>
    </ClInclude>
    <ClInclude Include="C++\main_sequence.h">
      <Filter>Header Files</Filter>
    </ClInclude>
    <ClInclude Include="C++\PhaseSpace.h">
      <Filter>Header Files</Filter>
    </ClInclude>
  </ItemGroup>
  <ItemGroup>
    <None Include="C++\notes C++.txt">
      <Filter>Resource Files</Filter>
    </None>
    <None Include="final_output_file.css">
      <Filter>Resource Files</Filter>
    </None>
  </ItemGroup>
  <ItemGroup>
    <Text Include="assumption_list.txt">
      <Filter>Resource Files</Filter>
    </Text>
  </ItemGroup>
</Project>